
Microsoft Visual Studio Solution File, Format Version 12.00
# Visual Studio Version 16
VisualStudioVersion = 16.0.34031.81
MinimumVisualStudioVersion = 10.0.40219.1
Project("{2150E333-8FDC-42A3-9474-1A3956D46DE8}") = "Task0", "Task0", "{0A1BD918-C62F-4EB9-9507-6C0F2D5EC2D8}"
EndProject
Project("{FAE04EC0-301F-11D3-BF4B-00C04F79EFBC}") = "Tyuiu.ZhirenbaevaII.Sprint4.Task0.V14", "Tyuiu.ZhirenbaevaII.Sprint4.Task0.V14\Tyuiu.ZhirenbaevaII.Sprint4.Task0.V14.csproj", "{BD4CDA14-6B21-453A-A2AF-4C73A3AEDE95}"
EndProject
Project("{FAE04EC0-301F-11D3-BF4B-00C04F79EFBC}") = "Tyuiu.ZhirenbaevaII.Sprint4.Task0.V14.Lib", "Tyuiu.ZhirenbaevaII.Sprint4.Task0.V14.Lib\Tyuiu.ZhirenbaevaII.Sprint4.Task0.V14.Lib.csproj", "{BEFBF9A6-C311-4ABC-869D-7D996131A18A}"
EndProject
Project("{FAE04EC0-301F-11D3-BF4B-00C04F79EFBC}") = "Tyuiu.ZhirenbaevaII.Sprint4.Task0.V14.Test", "Tyuiu.ZhirenbaevaII.Sprint4.Task0.V14.Test\Tyuiu.ZhirenbaevaII.Sprint4.Task0.V14.Test.csproj", "{491F2391-774C-4828-91C1-C2B3E7D685C9}"
EndProject
Project("{2150E333-8FDC-42A3-9474-1A3956D46DE8}") = "Task1", "Task1", "{50AC0305-568D-420E-BF64-8D504A6B4420}"
EndProject
Project("{FAE04EC0-301F-11D3-BF4B-00C04F79EFBC}") = "Tyuiu.ZhirenbaevaII.Sprint4.Task1.V27", "Tyuiu.ZhirenbaevaII.Sprint4.Task1.V27\Tyuiu.ZhirenbaevaII.Sprint4.Task1.V27.csproj", "{577574C1-9AB7-4158-956B-EFBE921E7058}"
EndProject
Project("{FAE04EC0-301F-11D3-BF4B-00C04F79EFBC}") = "Tyuiu.ZhirenbaevaII.Sprint4.Task1.V27.Lib", "Tyuiu.ZhirenbaevaII.Sprint4.Task1.V27.Lib\Tyuiu.ZhirenbaevaII.Sprint4.Task1.V27.Lib.csproj", "{822555BB-47E8-46C6-8914-F022613FEE56}"
EndProject
Project("{FAE04EC0-301F-11D3-BF4B-00C04F79EFBC}") = "Tyuiu.ZhirenbaevaII.Sprint4.Task1.V27.Test", "Tyuiu.ZhirenbaevaII.Sprint4.Task1.V27.Test\Tyuiu.ZhirenbaevaII.Sprint4.Task1.V27.Test.csproj", "{4C63F933-916E-49EB-A9B0-2173F1C06CBB}"
EndProject
Project("{2150E333-8FDC-42A3-9474-1A3956D46DE8}") = "Task2", "Task2", "{9B272848-2814-40F2-AA49-CDDF71AC41AA}"
EndProject
Project("{FAE04EC0-301F-11D3-BF4B-00C04F79EFBC}") = "Tyuiu.ZhirenbaevaII.Sprint4.Task2.V3", "Tyuiu.ZhirenbaevaII.Sprint4.Task2.V3\Tyuiu.ZhirenbaevaII.Sprint4.Task2.V3.csproj", "{4B8CBA60-F7CE-4DB4-8CB9-791B9D844F3D}"
EndProject
Project("{FAE04EC0-301F-11D3-BF4B-00C04F79EFBC}") = "Tyuiu.ZhirenbaevaII.Sprint4.Task2.V3.Lib", "Tyuiu.ZhirenbaevaII.Sprint4.Task2.V3.Lib\Tyuiu.ZhirenbaevaII.Sprint4.Task2.V3.Lib.csproj", "{A83914F8-502C-4FD1-BCF4-47D11B251F0E}"
EndProject
Project("{FAE04EC0-301F-11D3-BF4B-00C04F79EFBC}") = "Tyuiu.ZhirenbaevaII.Sprint4.Task2.V3.Test", "Tyuiu.ZhirenbaevaII.Sprint4.Task2.V3.Test\Tyuiu.ZhirenbaevaII.Sprint4.Task2.V3.Test.csproj", "{1BE4F0EC-1A98-4C6D-BEA9-56597E73BC65}"
EndProject
Project("{2150E333-8FDC-42A3-9474-1A3956D46DE8}") = "Task3", "Task3", "{1AB0689A-8A52-4B78-A22B-8FC030473131}"
EndProject
Project("{FAE04EC0-301F-11D3-BF4B-00C04F79EFBC}") = "Tyuiu.ZhirenbaevaII.Sprint4.Task3.V17", "Tyuiu.ZhirenbaevaII.Sprint4.Task3.V17\Tyuiu.ZhirenbaevaII.Sprint4.Task3.V17.csproj", "{1372F3F4-78C9-4CCB-AB38-43D86013709F}"
EndProject
Project("{FAE04EC0-301F-11D3-BF4B-00C04F79EFBC}") = "Tyuiu.ZhirenbaevaII.Sprint4.Task3.V17.Lib", "Tyuiu.ZhirenbaevaII.Sprint4.Task3.V17.Lib\Tyuiu.ZhirenbaevaII.Sprint4.Task3.V17.Lib.csproj", "{A70B1737-87E0-4213-B008-10650FB80601}"
EndProject
Project("{FAE04EC0-301F-11D3-BF4B-00C04F79EFBC}") = "Tyuiu.ZhirenbaevaII.Sprint4.Task3.V17.Test", "Tyuiu.ZhirenbaevaII.Sprint4.Task3.V17.Test\Tyuiu.ZhirenbaevaII.Sprint4.Task3.V17.Test.csproj", "{D30293A2-3914-4306-B477-1A9F35FA9C11}"
EndProject
Project("{2150E333-8FDC-42A3-9474-1A3956D46DE8}") = "Task4", "Task4", "{C1B36800-DB90-4795-BEC9-5339B5B2A10B}"
EndProject
Project("{FAE04EC0-301F-11D3-BF4B-00C04F79EFBC}") = "Tyuiu.ZhirenbaevaII.Sprint4.Task4.V16", "Tyuiu.ZhirenbaevaII.Sprint4.Task4.V16\Tyuiu.ZhirenbaevaII.Sprint4.Task4.V16.csproj", "{1E49F8C0-2F86-4915-A44E-8A6BD035A81B}"
EndProject
Project("{FAE04EC0-301F-11D3-BF4B-00C04F79EFBC}") = "Tyuiu.ZhirenbaevaII.Sprint4.Task4.V16.Lib", "Tyuiu.ZhirenbaevaII.Sprint4.Task4.V16.Lib\Tyuiu.ZhirenbaevaII.Sprint4.Task4.V16.Lib.csproj", "{899CB1A4-AA85-4111-B7A6-396125964215}"
EndProject
Project("{FAE04EC0-301F-11D3-BF4B-00C04F79EFBC}") = "Tyuiu.ZhirenbaevaII.Sprint4.Task4.V16.Test", "Tyuiu.ZhirenbaevaII.Sprint4.Task4.V16.Test\Tyuiu.ZhirenbaevaII.Sprint4.Task4.V16.Test.csproj", "{AE65E5AD-8E2F-4B78-995B-2DC3BF605523}"
EndProject
Project("{2150E333-8FDC-42A3-9474-1A3956D46DE8}") = "Task5", "Task5", "{16564B4C-941A-4A75-A50E-21DEE26FD6BC}"
EndProject
Project("{FAE04EC0-301F-11D3-BF4B-00C04F79EFBC}") = "Tyuiu.ZhirenbaevaII.Sprint4.Task5.V16", "Tyuiu.ZhirenbaevaII.Sprint4.Task5.V16\Tyuiu.ZhirenbaevaII.Sprint4.Task5.V16.csproj", "{401CB0DF-2B86-480F-ACB4-1F2DA6115392}"
EndProject
Project("{FAE04EC0-301F-11D3-BF4B-00C04F79EFBC}") = "Tyuiu.ZhirenbaevaII.Sprint4.Task5.V16.Lib", "Tyuiu.ZhirenbaevaII.Sprint4.Task5.V16.Lib\Tyuiu.ZhirenbaevaII.Sprint4.Task5.V16.Lib.csproj", "{B56C1C9B-32C4-40DD-9665-2B98C150DC2F}"
EndProject
Project("{FAE04EC0-301F-11D3-BF4B-00C04F79EFBC}") = "Tyuiu.ZhirenbaevaII.Sprint4.Task5.V16.Test", "Tyuiu.ZhirenbaevaII.Sprint4.Task5.V16.Test\Tyuiu.ZhirenbaevaII.Sprint4.Task5.V16.Test.csproj", "{2BDF1549-0F18-4BCA-80DB-D5D3C76EBBB9}"
EndProject
Global
	GlobalSection(SolutionConfigurationPlatforms) = preSolution
		Debug|Any CPU = Debug|Any CPU
		Release|Any CPU = Release|Any CPU
	EndGlobalSection
	GlobalSection(ProjectConfigurationPlatforms) = postSolution
		{BD4CDA14-6B21-453A-A2AF-4C73A3AEDE95}.Debug|Any CPU.ActiveCfg = Debug|Any CPU
		{BD4CDA14-6B21-453A-A2AF-4C73A3AEDE95}.Debug|Any CPU.Build.0 = Debug|Any CPU
		{BD4CDA14-6B21-453A-A2AF-4C73A3AEDE95}.Release|Any CPU.ActiveCfg = Release|Any CPU
		{BD4CDA14-6B21-453A-A2AF-4C73A3AEDE95}.Release|Any CPU.Build.0 = Release|Any CPU
		{BEFBF9A6-C311-4ABC-869D-7D996131A18A}.Debug|Any CPU.ActiveCfg = Debug|Any CPU
		{BEFBF9A6-C311-4ABC-869D-7D996131A18A}.Debug|Any CPU.Build.0 = Debug|Any CPU
		{BEFBF9A6-C311-4ABC-869D-7D996131A18A}.Release|Any CPU.ActiveCfg = Release|Any CPU
		{BEFBF9A6-C311-4ABC-869D-7D996131A18A}.Release|Any CPU.Build.0 = Release|Any CPU
		{491F2391-774C-4828-91C1-C2B3E7D685C9}.Debug|Any CPU.ActiveCfg = Debug|Any CPU
		{491F2391-774C-4828-91C1-C2B3E7D685C9}.Debug|Any CPU.Build.0 = Debug|Any CPU
		{491F2391-774C-4828-91C1-C2B3E7D685C9}.Release|Any CPU.ActiveCfg = Release|Any CPU
		{491F2391-774C-4828-91C1-C2B3E7D685C9}.Release|Any CPU.Build.0 = Release|Any CPU
		{577574C1-9AB7-4158-956B-EFBE921E7058}.Debug|Any CPU.ActiveCfg = Debug|Any CPU
		{577574C1-9AB7-4158-956B-EFBE921E7058}.Debug|Any CPU.Build.0 = Debug|Any CPU
		{577574C1-9AB7-4158-956B-EFBE921E7058}.Release|Any CPU.ActiveCfg = Release|Any CPU
		{577574C1-9AB7-4158-956B-EFBE921E7058}.Release|Any CPU.Build.0 = Release|Any CPU
		{822555BB-47E8-46C6-8914-F022613FEE56}.Debug|Any CPU.ActiveCfg = Debug|Any CPU
		{822555BB-47E8-46C6-8914-F022613FEE56}.Debug|Any CPU.Build.0 = Debug|Any CPU
		{822555BB-47E8-46C6-8914-F022613FEE56}.Release|Any CPU.ActiveCfg = Release|Any CPU
		{822555BB-47E8-46C6-8914-F022613FEE56}.Release|Any CPU.Build.0 = Release|Any CPU
		{4C63F933-916E-49EB-A9B0-2173F1C06CBB}.Debug|Any CPU.ActiveCfg = Debug|Any CPU
		{4C63F933-916E-49EB-A9B0-2173F1C06CBB}.Debug|Any CPU.Build.0 = Debug|Any CPU
		{4C63F933-916E-49EB-A9B0-2173F1C06CBB}.Release|Any CPU.ActiveCfg = Release|Any CPU
		{4C63F933-916E-49EB-A9B0-2173F1C06CBB}.Release|Any CPU.Build.0 = Release|Any CPU
		{4B8CBA60-F7CE-4DB4-8CB9-791B9D844F3D}.Debug|Any CPU.ActiveCfg = Debug|Any CPU
		{4B8CBA60-F7CE-4DB4-8CB9-791B9D844F3D}.Debug|Any CPU.Build.0 = Debug|Any CPU
		{4B8CBA60-F7CE-4DB4-8CB9-791B9D844F3D}.Release|Any CPU.ActiveCfg = Release|Any CPU
		{4B8CBA60-F7CE-4DB4-8CB9-791B9D844F3D}.Release|Any CPU.Build.0 = Release|Any CPU
		{A83914F8-502C-4FD1-BCF4-47D11B251F0E}.Debug|Any CPU.ActiveCfg = Debug|Any CPU
		{A83914F8-502C-4FD1-BCF4-47D11B251F0E}.Debug|Any CPU.Build.0 = Debug|Any CPU
		{A83914F8-502C-4FD1-BCF4-47D11B251F0E}.Release|Any CPU.ActiveCfg = Release|Any CPU
		{A83914F8-502C-4FD1-BCF4-47D11B251F0E}.Release|Any CPU.Build.0 = Release|Any CPU
		{1BE4F0EC-1A98-4C6D-BEA9-56597E73BC65}.Debug|Any CPU.ActiveCfg = Debug|Any CPU
		{1BE4F0EC-1A98-4C6D-BEA9-56597E73BC65}.Debug|Any CPU.Build.0 = Debug|Any CPU
		{1BE4F0EC-1A98-4C6D-BEA9-56597E73BC65}.Release|Any CPU.ActiveCfg = Release|Any CPU
		{1BE4F0EC-1A98-4C6D-BEA9-56597E73BC65}.Release|Any CPU.Build.0 = Release|Any CPU
		{1372F3F4-78C9-4CCB-AB38-43D86013709F}.Debug|Any CPU.ActiveCfg = Debug|Any CPU
		{1372F3F4-78C9-4CCB-AB38-43D86013709F}.Debug|Any CPU.Build.0 = Debug|Any CPU
		{1372F3F4-78C9-4CCB-AB38-43D86013709F}.Release|Any CPU.ActiveCfg = Release|Any CPU
		{1372F3F4-78C9-4CCB-AB38-43D86013709F}.Release|Any CPU.Build.0 = Release|Any CPU
		{A70B1737-87E0-4213-B008-10650FB80601}.Debug|Any CPU.ActiveCfg = Debug|Any CPU
		{A70B1737-87E0-4213-B008-10650FB80601}.Debug|Any CPU.Build.0 = Debug|Any CPU
		{A70B1737-87E0-4213-B008-10650FB80601}.Release|Any CPU.ActiveCfg = Release|Any CPU
		{A70B1737-87E0-4213-B008-10650FB80601}.Release|Any CPU.Build.0 = Release|Any CPU
		{D30293A2-3914-4306-B477-1A9F35FA9C11}.Debug|Any CPU.ActiveCfg = Debug|Any CPU
		{D30293A2-3914-4306-B477-1A9F35FA9C11}.Debug|Any CPU.Build.0 = Debug|Any CPU
		{D30293A2-3914-4306-B477-1A9F35FA9C11}.Release|Any CPU.ActiveCfg = Release|Any CPU
		{D30293A2-3914-4306-B477-1A9F35FA9C11}.Release|Any CPU.Build.0 = Release|Any CPU
		{1E49F8C0-2F86-4915-A44E-8A6BD035A81B}.Debug|Any CPU.ActiveCfg = Debug|Any CPU
		{1E49F8C0-2F86-4915-A44E-8A6BD035A81B}.Debug|Any CPU.Build.0 = Debug|Any CPU
		{1E49F8C0-2F86-4915-A44E-8A6BD035A81B}.Release|Any CPU.ActiveCfg = Release|Any CPU
		{1E49F8C0-2F86-4915-A44E-8A6BD035A81B}.Release|Any CPU.Build.0 = Release|Any CPU
		{899CB1A4-AA85-4111-B7A6-396125964215}.Debug|Any CPU.ActiveCfg = Debug|Any CPU
		{899CB1A4-AA85-4111-B7A6-396125964215}.Debug|Any CPU.Build.0 = Debug|Any CPU
		{899CB1A4-AA85-4111-B7A6-396125964215}.Release|Any CPU.ActiveCfg = Release|Any CPU
		{899CB1A4-AA85-4111-B7A6-396125964215}.Release|Any CPU.Build.0 = Release|Any CPU
		{AE65E5AD-8E2F-4B78-995B-2DC3BF605523}.Debug|Any CPU.ActiveCfg = Debug|Any CPU
		{AE65E5AD-8E2F-4B78-995B-2DC3BF605523}.Debug|Any CPU.Build.0 = Debug|Any CPU
		{AE65E5AD-8E2F-4B78-995B-2DC3BF605523}.Release|Any CPU.ActiveCfg = Release|Any CPU
		{AE65E5AD-8E2F-4B78-995B-2DC3BF605523}.Release|Any CPU.Build.0 = Release|Any CPU
		{401CB0DF-2B86-480F-ACB4-1F2DA6115392}.Debug|Any CPU.ActiveCfg = Debug|Any CPU
		{401CB0DF-2B86-480F-ACB4-1F2DA6115392}.Debug|Any CPU.Build.0 = Debug|Any CPU
		{401CB0DF-2B86-480F-ACB4-1F2DA6115392}.Release|Any CPU.ActiveCfg = Release|Any CPU
		{401CB0DF-2B86-480F-ACB4-1F2DA6115392}.Release|Any CPU.Build.0 = Release|Any CPU
		{B56C1C9B-32C4-40DD-9665-2B98C150DC2F}.Debug|Any CPU.ActiveCfg = Debug|Any CPU
		{B56C1C9B-32C4-40DD-9665-2B98C150DC2F}.Debug|Any CPU.Build.0 = Debug|Any CPU
		{B56C1C9B-32C4-40DD-9665-2B98C150DC2F}.Release|Any CPU.ActiveCfg = Release|Any CPU
		{B56C1C9B-32C4-40DD-9665-2B98C150DC2F}.Release|Any CPU.Build.0 = Release|Any CPU
		{2BDF1549-0F18-4BCA-80DB-D5D3C76EBBB9}.Debug|Any CPU.ActiveCfg = Debug|Any CPU
		{2BDF1549-0F18-4BCA-80DB-D5D3C76EBBB9}.Debug|Any CPU.Build.0 = Debug|Any CPU
		{2BDF1549-0F18-4BCA-80DB-D5D3C76EBBB9}.Release|Any CPU.ActiveCfg = Release|Any CPU
		{2BDF1549-0F18-4BCA-80DB-D5D3C76EBBB9}.Release|Any CPU.Build.0 = Release|Any CPU
	EndGlobalSection
	GlobalSection(SolutionProperties) = preSolution
		HideSolutionNode = FALSE
	EndGlobalSection
	GlobalSection(NestedProjects) = preSolution
		{BD4CDA14-6B21-453A-A2AF-4C73A3AEDE95} = {0A1BD918-C62F-4EB9-9507-6C0F2D5EC2D8}
		{BEFBF9A6-C311-4ABC-869D-7D996131A18A} = {0A1BD918-C62F-4EB9-9507-6C0F2D5EC2D8}
		{491F2391-774C-4828-91C1-C2B3E7D685C9} = {0A1BD918-C62F-4EB9-9507-6C0F2D5EC2D8}
		{577574C1-9AB7-4158-956B-EFBE921E7058} = {50AC0305-568D-420E-BF64-8D504A6B4420}
		{822555BB-47E8-46C6-8914-F022613FEE56} = {50AC0305-568D-420E-BF64-8D504A6B4420}
		{4C63F933-916E-49EB-A9B0-2173F1C06CBB} = {50AC0305-568D-420E-BF64-8D504A6B4420}
		{4B8CBA60-F7CE-4DB4-8CB9-791B9D844F3D} = {9B272848-2814-40F2-AA49-CDDF71AC41AA}
		{A83914F8-502C-4FD1-BCF4-47D11B251F0E} = {9B272848-2814-40F2-AA49-CDDF71AC41AA}
		{1BE4F0EC-1A98-4C6D-BEA9-56597E73BC65} = {9B272848-2814-40F2-AA49-CDDF71AC41AA}
		{1372F3F4-78C9-4CCB-AB38-43D86013709F} = {1AB0689A-8A52-4B78-A22B-8FC030473131}
		{A70B1737-87E0-4213-B008-10650FB80601} = {1AB0689A-8A52-4B78-A22B-8FC030473131}
		{D30293A2-3914-4306-B477-1A9F35FA9C11} = {1AB0689A-8A52-4B78-A22B-8FC030473131}
		{1E49F8C0-2F86-4915-A44E-8A6BD035A81B} = {C1B36800-DB90-4795-BEC9-5339B5B2A10B}
		{899CB1A4-AA85-4111-B7A6-396125964215} = {C1B36800-DB90-4795-BEC9-5339B5B2A10B}
		{AE65E5AD-8E2F-4B78-995B-2DC3BF605523} = {C1B36800-DB90-4795-BEC9-5339B5B2A10B}
		{401CB0DF-2B86-480F-ACB4-1F2DA6115392} = {16564B4C-941A-4A75-A50E-21DEE26FD6BC}
		{B56C1C9B-32C4-40DD-9665-2B98C150DC2F} = {16564B4C-941A-4A75-A50E-21DEE26FD6BC}
		{2BDF1549-0F18-4BCA-80DB-D5D3C76EBBB9} = {16564B4C-941A-4A75-A50E-21DEE26FD6BC}
	EndGlobalSection
	GlobalSection(ExtensibilityGlobals) = postSolution
		SolutionGuid = {55D239A5-DAB9-4C20-9C83-F53D45543735}
	EndGlobalSection
EndGlobal
